
Microsoft Visual Studio Solution File, Format Version 12.00
# Visual Studio Version 16
VisualStudioVersion = 16.0.30717.126
MinimumVisualStudioVersion = 10.0.40219.1
Project("{FAE04EC0-301F-11D3-BF4B-00C04F79EFBC}") = "BlankAddin", "BlankAddin\BlankAddin.csproj", "{51435E3A-36F9-464A-B9E4-5F223E713A67}"
EndProject
Global
	GlobalSection(SolutionConfigurationPlatforms) = preSolution
		Debug|Any CPU = Debug|Any CPU
		Release|Any CPU = Release|Any CPU
	EndGlobalSection
	GlobalSection(ProjectConfigurationPlatforms) = postSolution
		{51435E3A-36F9-464A-B9E4-5F223E713A67}.Debug|Any CPU.ActiveCfg = Debug|Any CPU
		{51435E3A-36F9-464A-B9E4-5F223E713A67}.Debug|Any CPU.Build.0 = Debug|Any CPU
		{51435E3A-36F9-464A-B9E4-5F223E713A67}.Release|Any CPU.ActiveCfg = Release|Any CPU
		{51435E3A-36F9-464A-B9E4-5F223E713A67}.Release|Any CPU.Build.0 = Release|Any CPU
	EndGlobalSection
	GlobalSection(SolutionProperties) = preSolution
		HideSolutionNode = FALSE
	EndGlobalSection
	GlobalSection(ExtensibilityGlobals) = postSolution
		SolutionGuid = {72ECAC67-DFC5-4720-8761-EC4C078ACA7C}
	EndGlobalSection
EndGlobal
